// !$*UTF8*$!
{
	archiveVersion = 1;
	classes = {
	};
	objectVersion = 50;
	objects = {

/* Begin PBXBuildFile section */
		30149057230DED9400AEA679 /* OperatorCollection.swift in Sources */ = {isa = PBXBuildFile; fileRef = 30149056230DED9400AEA679 /* OperatorCollection.swift */; };
		30149059230DF89600AEA679 /* FilterOperators.swift in Sources */ = {isa = PBXBuildFile; fileRef = 30149058230DF89600AEA679 /* FilterOperators.swift */; };
		3035CC3D230F2B1500610A4A /* MovableView.swift in Sources */ = {isa = PBXBuildFile; fileRef = 3035CC3C230F2B1500610A4A /* MovableView.swift */; };
		3035CC3F230F2B5700610A4A /* ErrorView.swift in Sources */ = {isa = PBXBuildFile; fileRef = 3035CC3E230F2B5700610A4A /* ErrorView.swift */; };
		3035CC41230F2DE400610A4A /* MapOperators.swift in Sources */ = {isa = PBXBuildFile; fileRef = 3035CC40230F2DE400610A4A /* MapOperators.swift */; };
		3035CC43230F35CA00610A4A /* ReduceOperators.swift in Sources */ = {isa = PBXBuildFile; fileRef = 3035CC42230F35CA00610A4A /* ReduceOperators.swift */; };
		3035CC45230F388900610A4A /* MathematicalOperators.swift in Sources */ = {isa = PBXBuildFile; fileRef = 3035CC44230F388900610A4A /* MathematicalOperators.swift */; };
		3035CC47230F3C8C00610A4A /* SequenceOperators.swift in Sources */ = {isa = PBXBuildFile; fileRef = 3035CC46230F3C8C00610A4A /* SequenceOperators.swift */; };
		3035CC49230FB90200610A4A /* SelectOperators.swift in Sources */ = {isa = PBXBuildFile; fileRef = 3035CC48230FB90200610A4A /* SelectOperators.swift */; };
		3035CC4B230FBEA800610A4A /* MatchingOperators.swift in Sources */ = {isa = PBXBuildFile; fileRef = 3035CC4A230FBEA800610A4A /* MatchingOperators.swift */; };
		3035CC4D2315CC2900610A4A /* TimingOperators.swift in Sources */ = {isa = PBXBuildFile; fileRef = 3035CC4C2315CC2900610A4A /* TimingOperators.swift */; };
		305BCEA52300B48D0063C458 /* AppDelegate.swift in Sources */ = {isa = PBXBuildFile; fileRef = 305BCEA42300B48D0063C458 /* AppDelegate.swift */; };
		305BCEA72300B48D0063C458 /* SceneDelegate.swift in Sources */ = {isa = PBXBuildFile; fileRef = 305BCEA62300B48D0063C458 /* SceneDelegate.swift */; };
		305BCEA92300B48D0063C458 /* ContentView.swift in Sources */ = {isa = PBXBuildFile; fileRef = 305BCEA82300B48D0063C458 /* ContentView.swift */; };
		305BCEAB2300B48F0063C458 /* Assets.xcassets in Resources */ = {isa = PBXBuildFile; fileRef = 305BCEAA2300B48F0063C458 /* Assets.xcassets */; };
		305BCEAE2300B48F0063C458 /* Preview Assets.xcassets in Resources */ = {isa = PBXBuildFile; fileRef = 305BCEAD2300B48F0063C458 /* Preview Assets.xcassets */; };
		305BCEB12300B48F0063C458 /* LaunchScreen.storyboard in Resources */ = {isa = PBXBuildFile; fileRef = 305BCEAF2300B48F0063C458 /* LaunchScreen.storyboard */; };
		305BCEBB230347FC0063C458 /* Event.swift in Sources */ = {isa = PBXBuildFile; fileRef = 305BCEBA230347FC0063C458 /* Event.swift */; };
		305BCEBD23034ED60063C458 /* SequancePublisher.swift in Sources */ = {isa = PBXBuildFile; fileRef = 305BCEBC23034ED60063C458 /* SequancePublisher.swift */; };
		305BCEBF230350C90063C458 /* Marble.swift in Sources */ = {isa = PBXBuildFile; fileRef = 305BCEBE230350C90063C458 /* Marble.swift */; };
		305BCEC12303526C0063C458 /* MarbleLane.swift in Sources */ = {isa = PBXBuildFile; fileRef = 305BCEC02303526C0063C458 /* MarbleLane.swift */; };
		305BCEC323048AA50063C458 /* SequnceScheduler.swift in Sources */ = {isa = PBXBuildFile; fileRef = 305BCEC223048AA50063C458 /* SequnceScheduler.swift */; };
		305BCEC523052DC50063C458 /* SequanceExperiment.swift in Sources */ = {isa = PBXBuildFile; fileRef = 305BCEC423052DC50063C458 /* SequanceExperiment.swift */; };
		305BCEC923052E490063C458 /* MarblesScreen.swift in Sources */ = {isa = PBXBuildFile; fileRef = 305BCEC823052E490063C458 /* MarblesScreen.swift */; };
		305BCECC230530BE0063C458 /* Operator.swift in Sources */ = {isa = PBXBuildFile; fileRef = 305BCECB230530BE0063C458 /* Operator.swift */; };
		305BCECE23073E830063C458 /* CombineOperators.swift in Sources */ = {isa = PBXBuildFile; fileRef = 305BCECD23073E830063C458 /* CombineOperators.swift */; };
		305BCED1230802050063C458 /* TransformOperators.swift in Sources */ = {isa = PBXBuildFile; fileRef = 305BCED0230802050063C458 /* TransformOperators.swift */; };
		305BCED3230BC28A0063C458 /* Finished.swift in Sources */ = {isa = PBXBuildFile; fileRef = 305BCED2230BC2890063C458 /* Finished.swift */; };
/* End PBXBuildFile section */

/* Begin PBXFileReference section */
		30149056230DED9400AEA679 /* OperatorCollection.swift */ = {isa = PBXFileReference; lastKnownFileType = sourcecode.swift; path = OperatorCollection.swift; sourceTree = "<group>"; };
		30149058230DF89600AEA679 /* FilterOperators.swift */ = {isa = PBXFileReference; lastKnownFileType = sourcecode.swift; path = FilterOperators.swift; sourceTree = "<group>"; };
		3035CC3C230F2B1500610A4A /* MovableView.swift */ = {isa = PBXFileReference; lastKnownFileType = sourcecode.swift; path = MovableView.swift; sourceTree = "<group>"; };
		3035CC3E230F2B5700610A4A /* ErrorView.swift */ = {isa = PBXFileReference; lastKnownFileType = sourcecode.swift; path = ErrorView.swift; sourceTree = "<group>"; };
		3035CC40230F2DE400610A4A /* MapOperators.swift */ = {isa = PBXFileReference; lastKnownFileType = sourcecode.swift; path = MapOperators.swift; sourceTree = "<group>"; };
		3035CC42230F35CA00610A4A /* ReduceOperators.swift */ = {isa = PBXFileReference; lastKnownFileType = sourcecode.swift; path = ReduceOperators.swift; sourceTree = "<group>"; };
		3035CC44230F388900610A4A /* MathematicalOperators.swift */ = {isa = PBXFileReference; lastKnownFileType = sourcecode.swift; path = MathematicalOperators.swift; sourceTree = "<group>"; };
		3035CC46230F3C8C00610A4A /* SequenceOperators.swift */ = {isa = PBXFileReference; lastKnownFileType = sourcecode.swift; path = SequenceOperators.swift; sourceTree = "<group>"; };
		3035CC48230FB90200610A4A /* SelectOperators.swift */ = {isa = PBXFileReference; lastKnownFileType = sourcecode.swift; path = SelectOperators.swift; sourceTree = "<group>"; };
		3035CC4A230FBEA800610A4A /* MatchingOperators.swift */ = {isa = PBXFileReference; lastKnownFileType = sourcecode.swift; path = MatchingOperators.swift; sourceTree = "<group>"; };
		3035CC4C2315CC2900610A4A /* TimingOperators.swift */ = {isa = PBXFileReference; lastKnownFileType = sourcecode.swift; path = TimingOperators.swift; sourceTree = "<group>"; };
		305BCEA12300B48D0063C458 /* CombineMarbles.app */ = {isa = PBXFileReference; explicitFileType = wrapper.application; includeInIndex = 0; path = CombineMarbles.app; sourceTree = BUILT_PRODUCTS_DIR; };
		305BCEA42300B48D0063C458 /* AppDelegate.swift */ = {isa = PBXFileReference; lastKnownFileType = sourcecode.swift; path = AppDelegate.swift; sourceTree = "<group>"; };
		305BCEA62300B48D0063C458 /* SceneDelegate.swift */ = {isa = PBXFileReference; lastKnownFileType = sourcecode.swift; path = SceneDelegate.swift; sourceTree = "<group>"; };
		305BCEA82300B48D0063C458 /* ContentView.swift */ = {isa = PBXFileReference; lastKnownFileType = sourcecode.swift; path = ContentView.swift; sourceTree = "<group>"; };
		305BCEAA2300B48F0063C458 /* Assets.xcassets */ = {isa = PBXFileReference; lastKnownFileType = folder.assetcatalog; path = Assets.xcassets; sourceTree = "<group>"; };
		305BCEAD2300B48F0063C458 /* Preview Assets.xcassets */ = {isa = PBXFileReference; lastKnownFileType = folder.assetcatalog; path = "Preview Assets.xcassets"; sourceTree = "<group>"; };
		305BCEB02300B48F0063C458 /* Base */ = {isa = PBXFileReference; lastKnownFileType = file.storyboard; name = Base; path = Base.lproj/LaunchScreen.storyboard; sourceTree = "<group>"; };
		305BCEB22300B48F0063C458 /* Info.plist */ = {isa = PBXFileReference; lastKnownFileType = text.plist.xml; path = Info.plist; sourceTree = "<group>"; };
		305BCEBA230347FC0063C458 /* Event.swift */ = {isa = PBXFileReference; lastKnownFileType = sourcecode.swift; path = Event.swift; sourceTree = "<group>"; };
		305BCEBC23034ED60063C458 /* SequancePublisher.swift */ = {isa = PBXFileReference; lastKnownFileType = sourcecode.swift; path = SequancePublisher.swift; sourceTree = "<group>"; };
		305BCEBE230350C90063C458 /* Marble.swift */ = {isa = PBXFileReference; lastKnownFileType = sourcecode.swift; path = Marble.swift; sourceTree = "<group>"; };
		305BCEC02303526C0063C458 /* MarbleLane.swift */ = {isa = PBXFileReference; lastKnownFileType = sourcecode.swift; path = MarbleLane.swift; sourceTree = "<group>"; };
		305BCEC223048AA50063C458 /* SequnceScheduler.swift */ = {isa = PBXFileReference; lastKnownFileType = sourcecode.swift; path = SequnceScheduler.swift; sourceTree = "<group>"; };
		305BCEC423052DC50063C458 /* SequanceExperiment.swift */ = {isa = PBXFileReference; lastKnownFileType = sourcecode.swift; path = SequanceExperiment.swift; sourceTree = "<group>"; };
		305BCEC823052E490063C458 /* MarblesScreen.swift */ = {isa = PBXFileReference; lastKnownFileType = sourcecode.swift; path = MarblesScreen.swift; sourceTree = "<group>"; };
		305BCECB230530BE0063C458 /* Operator.swift */ = {isa = PBXFileReference; lastKnownFileType = sourcecode.swift; path = Operator.swift; sourceTree = "<group>"; };
		305BCECD23073E830063C458 /* CombineOperators.swift */ = {isa = PBXFileReference; lastKnownFileType = sourcecode.swift; path = CombineOperators.swift; sourceTree = "<group>"; };
		305BCECF2307E6A60063C458 /* CombineMarbles.entitlements */ = {isa = PBXFileReference; lastKnownFileType = text.plist.entitlements; path = CombineMarbles.entitlements; sourceTree = "<group>"; };
		305BCED0230802050063C458 /* TransformOperators.swift */ = {isa = PBXFileReference; lastKnownFileType = sourcecode.swift; path = TransformOperators.swift; sourceTree = "<group>"; };
		305BCED2230BC2890063C458 /* Finished.swift */ = {isa = PBXFileReference; lastKnownFileType = sourcecode.swift; path = Finished.swift; sourceTree = "<group>"; };
/* End PBXFileReference section */

/* Begin PBXFrameworksBuildPhase section */
		305BCE9E2300B48D0063C458 /* Frameworks */ = {
			isa = PBXFrameworksBuildPhase;
			buildActionMask = 2147483647;
			files = (
			);
			runOnlyForDeploymentPostprocessing = 0;
		};
/* End PBXFrameworksBuildPhase section */

/* Begin PBXGroup section */
		305BCE982300B48C0063C458 = {
			isa = PBXGroup;
			children = (
				305BCEA32300B48D0063C458 /* CombineMarbles */,
				305BCEA22300B48D0063C458 /* Products */,
			);
			sourceTree = "<group>";
		};
		305BCEA22300B48D0063C458 /* Products */ = {
			isa = PBXGroup;
			children = (
				305BCEA12300B48D0063C458 /* CombineMarbles.app */,
			);
			name = Products;
			sourceTree = "<group>";
		};
		305BCEA32300B48D0063C458 /* CombineMarbles */ = {
			isa = PBXGroup;
			children = (
				305BCECF2307E6A60063C458 /* CombineMarbles.entitlements */,
				305BCECA2305306C0063C458 /* Operators */,
				305BCEB9230347B00063C458 /* Model */,
				305BCEB8230347A90063C458 /* View */,
				305BCEA42300B48D0063C458 /* AppDelegate.swift */,
				305BCEA62300B48D0063C458 /* SceneDelegate.swift */,
				305BCEA82300B48D0063C458 /* ContentView.swift */,
				305BCEAA2300B48F0063C458 /* Assets.xcassets */,
				305BCEAF2300B48F0063C458 /* LaunchScreen.storyboard */,
				305BCEB22300B48F0063C458 /* Info.plist */,
				305BCEAC2300B48F0063C458 /* Preview Content */,
			);
			path = CombineMarbles;
			sourceTree = "<group>";
		};
		305BCEAC2300B48F0063C458 /* Preview Content */ = {
			isa = PBXGroup;
			children = (
				305BCEAD2300B48F0063C458 /* Preview Assets.xcassets */,
			);
			path = "Preview Content";
			sourceTree = "<group>";
		};
		305BCEB8230347A90063C458 /* View */ = {
			isa = PBXGroup;
			children = (
				3035CC3E230F2B5700610A4A /* ErrorView.swift */,
				305BCED2230BC2890063C458 /* Finished.swift */,
				305BCEBE230350C90063C458 /* Marble.swift */,
				305BCEC02303526C0063C458 /* MarbleLane.swift */,
				305BCEC823052E490063C458 /* MarblesScreen.swift */,
				3035CC3C230F2B1500610A4A /* MovableView.swift */,
			);
			path = View;
			sourceTree = "<group>";
		};
		305BCEB9230347B00063C458 /* Model */ = {
			isa = PBXGroup;
			children = (
				305BCEBA230347FC0063C458 /* Event.swift */,
				305BCEBC23034ED60063C458 /* SequancePublisher.swift */,
				305BCEC223048AA50063C458 /* SequnceScheduler.swift */,
				305BCEC423052DC50063C458 /* SequanceExperiment.swift */,
				30149056230DED9400AEA679 /* OperatorCollection.swift */,
			);
			path = Model;
			sourceTree = "<group>";
		};
		305BCECA2305306C0063C458 /* Operators */ = {
			isa = PBXGroup;
			children = (
				305BCECD23073E830063C458 /* CombineOperators.swift */,
				30149058230DF89600AEA679 /* FilterOperators.swift */,
				3035CC40230F2DE400610A4A /* MapOperators.swift */,
				3035CC44230F388900610A4A /* MathematicalOperators.swift */,
				305BCECB230530BE0063C458 /* Operator.swift */,
				3035CC42230F35CA00610A4A /* ReduceOperators.swift */,
				305BCED0230802050063C458 /* TransformOperators.swift */,
				3035CC46230F3C8C00610A4A /* SequenceOperators.swift */,
				3035CC48230FB90200610A4A /* SelectOperators.swift */,
				3035CC4A230FBEA800610A4A /* MatchingOperators.swift */,
				3035CC4C2315CC2900610A4A /* TimingOperators.swift */,
			);
			path = Operators;
			sourceTree = "<group>";
		};
/* End PBXGroup section */

/* Begin PBXNativeTarget section */
		305BCEA02300B48D0063C458 /* CombineMarbles */ = {
			isa = PBXNativeTarget;
			buildConfigurationList = 305BCEB52300B48F0063C458 /* Build configuration list for PBXNativeTarget "CombineMarbles" */;
			buildPhases = (
				305BCE9D2300B48D0063C458 /* Sources */,
				305BCE9E2300B48D0063C458 /* Frameworks */,
				305BCE9F2300B48D0063C458 /* Resources */,
			);
			buildRules = (
			);
			dependencies = (
			);
			name = CombineMarbles;
			productName = CombineExperiments;
			productReference = 305BCEA12300B48D0063C458 /* CombineMarbles.app */;
			productType = "com.apple.product-type.application";
		};
/* End PBXNativeTarget section */

/* Begin PBXProject section */
		305BCE992300B48C0063C458 /* Project object */ = {
			isa = PBXProject;
			attributes = {
				LastSwiftUpdateCheck = 1100;
				LastUpgradeCheck = 1100;
				ORGANIZATIONNAME = "Robert Palmer";
				TargetAttributes = {
					305BCEA02300B48D0063C458 = {
						CreatedOnToolsVersion = 11.0;
					};
				};
			};
			buildConfigurationList = 305BCE9C2300B48C0063C458 /* Build configuration list for PBXProject "CombineMarbles" */;
			compatibilityVersion = "Xcode 9.3";
			developmentRegion = en;
			hasScannedForEncodings = 0;
			knownRegions = (
				en,
				Base,
			);
			mainGroup = 305BCE982300B48C0063C458;
			productRefGroup = 305BCEA22300B48D0063C458 /* Products */;
			projectDirPath = "";
			projectRoot = "";
			targets = (
				305BCEA02300B48D0063C458 /* CombineMarbles */,
			);
		};
/* End PBXProject section */

/* Begin PBXResourcesBuildPhase section */
		305BCE9F2300B48D0063C458 /* Resources */ = {
			isa = PBXResourcesBuildPhase;
			buildActionMask = 2147483647;
			files = (
				305BCEB12300B48F0063C458 /* LaunchScreen.storyboard in Resources */,
				305BCEAE2300B48F0063C458 /* Preview Assets.xcassets in Resources */,
				305BCEAB2300B48F0063C458 /* Assets.xcassets in Resources */,
			);
			runOnlyForDeploymentPostprocessing = 0;
		};
/* End PBXResourcesBuildPhase section */

/* Begin PBXSourcesBuildPhase section */
		305BCE9D2300B48D0063C458 /* Sources */ = {
			isa = PBXSourcesBuildPhase;
			buildActionMask = 2147483647;
			files = (
				3035CC47230F3C8C00610A4A /* SequenceOperators.swift in Sources */,
				305BCEC12303526C0063C458 /* MarbleLane.swift in Sources */,
				305BCEBB230347FC0063C458 /* Event.swift in Sources */,
				305BCEC923052E490063C458 /* MarblesScreen.swift in Sources */,
				305BCEA52300B48D0063C458 /* AppDelegate.swift in Sources */,
				305BCED3230BC28A0063C458 /* Finished.swift in Sources */,
				3035CC3D230F2B1500610A4A /* MovableView.swift in Sources */,
				30149059230DF89600AEA679 /* FilterOperators.swift in Sources */,
				305BCEBD23034ED60063C458 /* SequancePublisher.swift in Sources */,
				305BCECC230530BE0063C458 /* Operator.swift in Sources */,
				305BCED1230802050063C458 /* TransformOperators.swift in Sources */,
				305BCEC323048AA50063C458 /* SequnceScheduler.swift in Sources */,
				3035CC4B230FBEA800610A4A /* MatchingOperators.swift in Sources */,
				305BCEA72300B48D0063C458 /* SceneDelegate.swift in Sources */,
				305BCEC523052DC50063C458 /* SequanceExperiment.swift in Sources */,
				305BCECE23073E830063C458 /* CombineOperators.swift in Sources */,
				305BCEBF230350C90063C458 /* Marble.swift in Sources */,
				3035CC49230FB90200610A4A /* SelectOperators.swift in Sources */,
				3035CC43230F35CA00610A4A /* ReduceOperators.swift in Sources */,
				305BCEA92300B48D0063C458 /* ContentView.swift in Sources */,
				3035CC3F230F2B5700610A4A /* ErrorView.swift in Sources */,
				3035CC4D2315CC2900610A4A /* TimingOperators.swift in Sources */,
				30149057230DED9400AEA679 /* OperatorCollection.swift in Sources */,
				3035CC45230F388900610A4A /* MathematicalOperators.swift in Sources */,
				3035CC41230F2DE400610A4A /* MapOperators.swift in Sources */,
			);
			runOnlyForDeploymentPostprocessing = 0;
		};
/* End PBXSourcesBuildPhase section */

/* Begin PBXVariantGroup section */
		305BCEAF2300B48F0063C458 /* LaunchScreen.storyboard */ = {
			isa = PBXVariantGroup;
			children = (
				305BCEB02300B48F0063C458 /* Base */,
			);
			name = LaunchScreen.storyboard;
			sourceTree = "<group>";
		};
/* End PBXVariantGroup section */

/* Begin XCBuildConfiguration section */
		305BCEB32300B48F0063C458 /* Debug */ = {
			isa = XCBuildConfiguration;
			buildSettings = {
				ALWAYS_SEARCH_USER_PATHS = NO;
				CLANG_ANALYZER_NONNULL = YES;
				CLANG_ANALYZER_NUMBER_OBJECT_CONVERSION = YES_AGGRESSIVE;
				CLANG_CXX_LANGUAGE_STANDARD = "gnu++14";
				CLANG_CXX_LIBRARY = "libc++";
				CLANG_ENABLE_MODULES = YES;
				CLANG_ENABLE_OBJC_ARC = YES;
				CLANG_ENABLE_OBJC_WEAK = YES;
				CLANG_WARN_BLOCK_CAPTURE_AUTORELEASING = YES;
				CLANG_WARN_BOOL_CONVERSION = YES;
				CLANG_WARN_COMMA = YES;
				CLANG_WARN_CONSTANT_CONVERSION = YES;
				CLANG_WARN_DEPRECATED_OBJC_IMPLEMENTATIONS = YES;
				CLANG_WARN_DIRECT_OBJC_ISA_USAGE = YES_ERROR;
				CLANG_WARN_DOCUMENTATION_COMMENTS = YES;
				CLANG_WARN_EMPTY_BODY = YES;
				CLANG_WARN_ENUM_CONVERSION = YES;
				CLANG_WARN_INFINITE_RECURSION = YES;
				CLANG_WARN_INT_CONVERSION = YES;
				CLANG_WARN_NON_LITERAL_NULL_CONVERSION = YES;
				CLANG_WARN_OBJC_IMPLICIT_RETAIN_SELF = YES;
				CLANG_WARN_OBJC_LITERAL_CONVERSION = YES;
				CLANG_WARN_OBJC_ROOT_CLASS = YES_ERROR;
				CLANG_WARN_RANGE_LOOP_ANALYSIS = YES;
				CLANG_WARN_STRICT_PROTOTYPES = YES;
				CLANG_WARN_SUSPICIOUS_MOVE = YES;
				CLANG_WARN_UNGUARDED_AVAILABILITY = YES_AGGRESSIVE;
				CLANG_WARN_UNREACHABLE_CODE = YES;
				CLANG_WARN__DUPLICATE_METHOD_MATCH = YES;
				COPY_PHASE_STRIP = NO;
				DEBUG_INFORMATION_FORMAT = dwarf;
				ENABLE_STRICT_OBJC_MSGSEND = YES;
				ENABLE_TESTABILITY = YES;
				GCC_C_LANGUAGE_STANDARD = gnu11;
				GCC_DYNAMIC_NO_PIC = NO;
				GCC_NO_COMMON_BLOCKS = YES;
				GCC_OPTIMIZATION_LEVEL = 0;
				GCC_PREPROCESSOR_DEFINITIONS = (
					"DEBUG=1",
					"$(inherited)",
				);
				GCC_WARN_64_TO_32_BIT_CONVERSION = YES;
				GCC_WARN_ABOUT_RETURN_TYPE = YES_ERROR;
				GCC_WARN_UNDECLARED_SELECTOR = YES;
				GCC_WARN_UNINITIALIZED_AUTOS = YES_AGGRESSIVE;
				GCC_WARN_UNUSED_FUNCTION = YES;
				GCC_WARN_UNUSED_VARIABLE = YES;
				IPHONEOS_DEPLOYMENT_TARGET = 13.0;
				MTL_ENABLE_DEBUG_INFO = INCLUDE_SOURCE;
				MTL_FAST_MATH = YES;
				ONLY_ACTIVE_ARCH = YES;
				SDKROOT = iphoneos;
				SWIFT_ACTIVE_COMPILATION_CONDITIONS = DEBUG;
				SWIFT_OPTIMIZATION_LEVEL = "-Onone";
			};
			name = Debug;
		};
		305BCEB42300B48F0063C458 /* Release */ = {
			isa = XCBuildConfiguration;
			buildSettings = {
				ALWAYS_SEARCH_USER_PATHS = NO;
				CLANG_ANALYZER_NONNULL = YES;
				CLANG_ANALYZER_NUMBER_OBJECT_CONVERSION = YES_AGGRESSIVE;
				CLANG_CXX_LANGUAGE_STANDARD = "gnu++14";
				CLANG_CXX_LIBRARY = "libc++";
				CLANG_ENABLE_MODULES = YES;
				CLANG_ENABLE_OBJC_ARC = YES;
				CLANG_ENABLE_OBJC_WEAK = YES;
				CLANG_WARN_BLOCK_CAPTURE_AUTORELEASING = YES;
				CLANG_WARN_BOOL_CONVERSION = YES;
				CLANG_WARN_COMMA = YES;
				CLANG_WARN_CONSTANT_CONVERSION = YES;
				CLANG_WARN_DEPRECATED_OBJC_IMPLEMENTATIONS = YES;
				CLANG_WARN_DIRECT_OBJC_ISA_USAGE = YES_ERROR;
				CLANG_WARN_DOCUMENTATION_COMMENTS = YES;
				CLANG_WARN_EMPTY_BODY = YES;
				CLANG_WARN_ENUM_CONVERSION = YES;
				CLANG_WARN_INFINITE_RECURSION = YES;
				CLANG_WARN_INT_CONVERSION = YES;
				CLANG_WARN_NON_LITERAL_NULL_CONVERSION = YES;
				CLANG_WARN_OBJC_IMPLICIT_RETAIN_SELF = YES;
				CLANG_WARN_OBJC_LITERAL_CONVERSION = YES;
				CLANG_WARN_OBJC_ROOT_CLASS = YES_ERROR;
				CLANG_WARN_RANGE_LOOP_ANALYSIS = YES;
				CLANG_WARN_STRICT_PROTOTYPES = YES;
				CLANG_WARN_SUSPICIOUS_MOVE = YES;
				CLANG_WARN_UNGUARDED_AVAILABILITY = YES_AGGRESSIVE;
				CLANG_WARN_UNREACHABLE_CODE = YES;
				CLANG_WARN__DUPLICATE_METHOD_MATCH = YES;
				COPY_PHASE_STRIP = NO;
				DEBUG_INFORMATION_FORMAT = "dwarf-with-dsym";
				ENABLE_NS_ASSERTIONS = NO;
				ENABLE_STRICT_OBJC_MSGSEND = YES;
				GCC_C_LANGUAGE_STANDARD = gnu11;
				GCC_NO_COMMON_BLOCKS = YES;
				GCC_WARN_64_TO_32_BIT_CONVERSION = YES;
				GCC_WARN_ABOUT_RETURN_TYPE = YES_ERROR;
				GCC_WARN_UNDECLARED_SELECTOR = YES;
				GCC_WARN_UNINITIALIZED_AUTOS = YES_AGGRESSIVE;
				GCC_WARN_UNUSED_FUNCTION = YES;
				GCC_WARN_UNUSED_VARIABLE = YES;
				IPHONEOS_DEPLOYMENT_TARGET = 13.0;
				MTL_ENABLE_DEBUG_INFO = NO;
				MTL_FAST_MATH = YES;
				SDKROOT = iphoneos;
				SWIFT_COMPILATION_MODE = wholemodule;
				SWIFT_OPTIMIZATION_LEVEL = "-O";
				VALIDATE_PRODUCT = YES;
			};
			name = Release;
		};
		305BCEB62300B48F0063C458 /* Debug */ = {
			isa = XCBuildConfiguration;
			buildSettings = {
				ASSETCATALOG_COMPILER_APPICON_NAME = AppIcon;
				CODE_SIGN_ENTITLEMENTS = CombineMarbles/CombineMarbles.entitlements;
				CODE_SIGN_STYLE = Automatic;
				DERIVE_MACCATALYST_PRODUCT_BUNDLE_IDENTIFIER = YES;
				DEVELOPMENT_ASSET_PATHS = "CombineMarbles/Preview\\ Content";
				DEVELOPMENT_TEAM = 7BQ6TCJUWD;
				ENABLE_PREVIEWS = YES;
				INFOPLIST_FILE = CombineMarbles/Info.plist;
				LD_RUNPATH_SEARCH_PATHS = (
					"$(inherited)",
					"@executable_path/Frameworks",
				);
				PRODUCT_BUNDLE_IDENTIFIER = de.robertpalmer.CombineMarbles;
				PRODUCT_NAME = "$(TARGET_NAME)";
				SUPPORTS_MACCATALYST = YES;
				SWIFT_VERSION = 5.0;
				TARGETED_DEVICE_FAMILY = "1,2";
			};
			name = Debug;
		};
		305BCEB72300B48F0063C458 /* Release */ = {
			isa = XCBuildConfiguration;
			buildSettings = {
				ASSETCATALOG_COMPILER_APPICON_NAME = AppIcon;
				CODE_SIGN_ENTITLEMENTS = CombineMarbles/CombineMarbles.entitlements;
				CODE_SIGN_STYLE = Automatic;
				DERIVE_MACCATALYST_PRODUCT_BUNDLE_IDENTIFIER = YES;
				DEVELOPMENT_ASSET_PATHS = "CombineMarbles/Preview\\ Content";
				DEVELOPMENT_TEAM = 7BQ6TCJUWD;
				ENABLE_PREVIEWS = YES;
				INFOPLIST_FILE = CombineMarbles/Info.plist;
				LD_RUNPATH_SEARCH_PATHS = (
					"$(inherited)",
					"@executable_path/Frameworks",
				);
				PRODUCT_BUNDLE_IDENTIFIER = de.robertpalmer.CombineMarbles;
				PRODUCT_NAME = "$(TARGET_NAME)";
				SUPPORTS_MACCATALYST = YES;
				SWIFT_VERSION = 5.0;
				TARGETED_DEVICE_FAMILY = "1,2";
			};
			name = Release;
		};
/* End XCBuildConfiguration section */

/* Begin XCConfigurationList section */
		305BCE9C2300B48C0063C458 /* Build configuration list for PBXProject "CombineMarbles" */ = {
			isa = XCConfigurationList;
			buildConfigurations = (
				305BCEB32300B48F0063C458 /* Debug */,
				305BCEB42300B48F0063C458 /* Release */,
			);
			defaultConfigurationIsVisible = 0;
			defaultConfigurationName = Release;
		};
		305BCEB52300B48F0063C458 /* Build configuration list for PBXNativeTarget "CombineMarbles" */ = {
			isa = XCConfigurationList;
			buildConfigurations = (
				305BCEB62300B48F0063C458 /* Debug */,
				305BCEB72300B48F0063C458 /* Release */,
			);
			defaultConfigurationIsVisible = 0;
			defaultConfigurationName = Release;
		};
/* End XCConfigurationList section */
	};
	rootObject = 305BCE992300B48C0063C458 /* Project object */;
}
